// !$*UTF8*$!
{
	archiveVersion = 1;
	classes = {
	};
	objectVersion = 46;
	objects = {

/* Begin PBXBuildFile section */
		60C7827F1AAF736C00ACD5B4 /* main.m in Sources */ = {isa = PBXBuildFile; fileRef = 60C7827E1AAF736C00ACD5B4 /* main.m */; };
		60C782821AAF736C00ACD5B4 /* AppDelegate.m in Sources */ = {isa = PBXBuildFile; fileRef = 60C782811AAF736C00ACD5B4 /* AppDelegate.m */; };
		60C782841AAF736C00ACD5B4 /* Images.xcassets in Resources */ = {isa = PBXBuildFile; fileRef = 60C782831AAF736C00ACD5B4 /* Images.xcassets */; };
		60C782871AAF736C00ACD5B4 /* LaunchScreen.xib in Resources */ = {isa = PBXBuildFile; fileRef = 60C782851AAF736C00ACD5B4 /* LaunchScreen.xib */; };
		60C782931AAF736C00ACD5B4 /* TouchTrackerTests.m in Sources */ = {isa = PBXBuildFile; fileRef = 60C782921AAF736C00ACD5B4 /* TouchTrackerTests.m */; };
		60C782A11AAF73AC00ACD5B4 /* BNRLine.m in Sources */ = {isa = PBXBuildFile; fileRef = 60C782A01AAF73AC00ACD5B4 /* BNRLine.m */; };
		60C782A41AAF755B00ACD5B4 /* BNRDrawView.m in Sources */ = {isa = PBXBuildFile; fileRef = 60C782A31AAF755B00ACD5B4 /* BNRDrawView.m */; };
		60C782AD1AAF75FE00ACD5B4 /* BNRDrawViewController.m in Sources */ = {isa = PBXBuildFile; fileRef = 60C782AC1AAF75FE00ACD5B4 /* BNRDrawViewController.m */; };
/* End PBXBuildFile section */

/* Begin PBXContainerItemProxy section */
		60C7828D1AAF736C00ACD5B4 /* PBXContainerItemProxy */ = {
			isa = PBXContainerItemProxy;
			containerPortal = 60C782711AAF736C00ACD5B4 /* Project object */;
			proxyType = 1;
			remoteGlobalIDString = 60C782781AAF736C00ACD5B4;
			remoteInfo = TouchTracker;
		};
/* End PBXContainerItemProxy section */

/* Begin PBXFileReference section */
		60C782791AAF736C00ACD5B4 /* TouchTracker.app */ = {isa = PBXFileReference; explicitFileType = wrapper.application; includeInIndex = 0; path = TouchTracker.app; sourceTree = BUILT_PRODUCTS_DIR; };
		60C7827D1AAF736C00ACD5B4 /* Info.plist */ = {isa = PBXFileReference; lastKnownFileType = text.plist.xml; path = Info.plist; sourceTree = "<group>"; };
		60C7827E1AAF736C00ACD5B4 /* main.m */ = {isa = PBXFileReference; lastKnownFileType = sourcecode.c.objc; path = main.m; sourceTree = "<group>"; };
		60C782801AAF736C00ACD5B4 /* AppDelegate.h */ = {isa = PBXFileReference; lastKnownFileType = sourcecode.c.h; path = AppDelegate.h; sourceTree = "<group>"; };
		60C782811AAF736C00ACD5B4 /* AppDelegate.m */ = {isa = PBXFileReference; lastKnownFileType = sourcecode.c.objc; path = AppDelegate.m; sourceTree = "<group>"; };
		60C782831AAF736C00ACD5B4 /* Images.xcassets */ = {isa = PBXFileReference; lastKnownFileType = folder.assetcatalog; path = Images.xcassets; sourceTree = "<group>"; };
		60C782861AAF736C00ACD5B4 /* Base */ = {isa = PBXFileReference; lastKnownFileType = file.xib; name = Base; path = Base.lproj/LaunchScreen.xib; sourceTree = "<group>"; };
		60C7828C1AAF736C00ACD5B4 /* TouchTrackerTests.xctest */ = {isa = PBXFileReference; explicitFileType = wrapper.cfbundle; includeInIndex = 0; path = TouchTrackerTests.xctest; sourceTree = BUILT_PRODUCTS_DIR; };
		60C782911AAF736C00ACD5B4 /* Info.plist */ = {isa = PBXFileReference; lastKnownFileType = text.plist.xml; path = Info.plist; sourceTree = "<group>"; };
		60C782921AAF736C00ACD5B4 /* TouchTrackerTests.m */ = {isa = PBXFileReference; lastKnownFileType = sourcecode.c.objc; path = TouchTrackerTests.m; sourceTree = "<group>"; };
		60C7829F1AAF73AC00ACD5B4 /* BNRLine.h */ = {isa = PBXFileReference; fileEncoding = 4; lastKnownFileType = sourcecode.c.h; path = BNRLine.h; sourceTree = "<group>"; };
		60C782A01AAF73AC00ACD5B4 /* BNRLine.m */ = {isa = PBXFileReference; fileEncoding = 4; lastKnownFileType = sourcecode.c.objc; path = BNRLine.m; sourceTree = "<group>"; };
		60C782A21AAF755A00ACD5B4 /* BNRDrawView.h */ = {isa = PBXFileReference; fileEncoding = 4; lastKnownFileType = sourcecode.c.h; path = BNRDrawView.h; sourceTree = "<group>"; };
		60C782A31AAF755B00ACD5B4 /* BNRDrawView.m */ = {isa = PBXFileReference; fileEncoding = 4; lastKnownFileType = sourcecode.c.objc; path = BNRDrawView.m; sourceTree = "<group>"; };
		60C782AB1AAF75FE00ACD5B4 /* BNRDrawViewController.h */ = {isa = PBXFileReference; fileEncoding = 4; lastKnownFileType = sourcecode.c.h; path = BNRDrawViewController.h; sourceTree = "<group>"; };
		60C782AC1AAF75FE00ACD5B4 /* BNRDrawViewController.m */ = {isa = PBXFileReference; fileEncoding = 4; lastKnownFileType = sourcecode.c.objc; path = BNRDrawViewController.m; sourceTree = "<group>"; };
/* End PBXFileReference section */

/* Begin PBXFrameworksBuildPhase section */
		60C782761AAF736C00ACD5B4 /* Frameworks */ = {
			isa = PBXFrameworksBuildPhase;
			buildActionMask = 2147483647;
			files = (
			);
			runOnlyForDeploymentPostprocessing = 0;
		};
		60C782891AAF736C00ACD5B4 /* Frameworks */ = {
			isa = PBXFrameworksBuildPhase;
			buildActionMask = 2147483647;
			files = (
			);
			runOnlyForDeploymentPostprocessing = 0;
		};
/* End PBXFrameworksBuildPhase section */

/* Begin PBXGroup section */
		60C782701AAF736C00ACD5B4 = {
			isa = PBXGroup;
			children = (
				60C782AB1AAF75FE00ACD5B4 /* BNRDrawViewController.h */,
				60C782AC1AAF75FE00ACD5B4 /* BNRDrawViewController.m */,
				60C7829F1AAF73AC00ACD5B4 /* BNRLine.h */,
				60C782A01AAF73AC00ACD5B4 /* BNRLine.m */,
				60C782A21AAF755A00ACD5B4 /* BNRDrawView.h */,
				60C782A31AAF755B00ACD5B4 /* BNRDrawView.m */,
				60C7827B1AAF736C00ACD5B4 /* TouchTracker */,
				60C7828F1AAF736C00ACD5B4 /* TouchTrackerTests */,
				60C7827A1AAF736C00ACD5B4 /* Products */,
			);
			sourceTree = "<group>";
		};
		60C7827A1AAF736C00ACD5B4 /* Products */ = {
			isa = PBXGroup;
			children = (
				60C782791AAF736C00ACD5B4 /* TouchTracker.app */,
				60C7828C1AAF736C00ACD5B4 /* TouchTrackerTests.xctest */,
			);
			name = Products;
			sourceTree = "<group>";
		};
		60C7827B1AAF736C00ACD5B4 /* TouchTracker */ = {
			isa = PBXGroup;
			children = (
				60C782801AAF736C00ACD5B4 /* AppDelegate.h */,
				60C782811AAF736C00ACD5B4 /* AppDelegate.m */,
				60C782831AAF736C00ACD5B4 /* Images.xcassets */,
				60C782851AAF736C00ACD5B4 /* LaunchScreen.xib */,
				60C7827C1AAF736C00ACD5B4 /* Supporting Files */,
			);
			path = TouchTracker;
			sourceTree = "<group>";
		};
		60C7827C1AAF736C00ACD5B4 /* Supporting Files */ = {
			isa = PBXGroup;
			children = (
				60C7827D1AAF736C00ACD5B4 /* Info.plist */,
				60C7827E1AAF736C00ACD5B4 /* main.m */,
			);
			name = "Supporting Files";
			sourceTree = "<group>";
		};
		60C7828F1AAF736C00ACD5B4 /* TouchTrackerTests */ = {
			isa = PBXGroup;
			children = (
				60C782921AAF736C00ACD5B4 /* TouchTrackerTests.m */,
				60C782901AAF736C00ACD5B4 /* Supporting Files */,
			);
			path = TouchTrackerTests;
			sourceTree = "<group>";
		};
		60C782901AAF736C00ACD5B4 /* Supporting Files */ = {
			isa = PBXGroup;
			children = (
				60C782911AAF736C00ACD5B4 /* Info.plist */,
			);
			name = "Supporting Files";
			sourceTree = "<group>";
		};
/* End PBXGroup section */

/* Begin PBXNativeTarget section */
		60C782781AAF736C00ACD5B4 /* TouchTracker */ = {
			isa = PBXNativeTarget;
			buildConfigurationList = 60C782961AAF736C00ACD5B4 /* Build configuration list for PBXNativeTarget "TouchTracker" */;
			buildPhases = (
				60C782751AAF736C00ACD5B4 /* Sources */,
				60C782761AAF736C00ACD5B4 /* Frameworks */,
				60C782771AAF736C00ACD5B4 /* Resources */,
			);
			buildRules = (
			);
			dependencies = (
			);
			name = TouchTracker;
			productName = TouchTracker;
			productReference = 60C782791AAF736C00ACD5B4 /* TouchTracker.app */;
			productType = "com.apple.product-type.application";
		};
		60C7828B1AAF736C00ACD5B4 /* TouchTrackerTests */ = {
			isa = PBXNativeTarget;
			buildConfigurationList = 60C782991AAF736C00ACD5B4 /* Build configuration list for PBXNativeTarget "TouchTrackerTests" */;
			buildPhases = (
				60C782881AAF736C00ACD5B4 /* Sources */,
				60C782891AAF736C00ACD5B4 /* Frameworks */,
				60C7828A1AAF736C00ACD5B4 /* Resources */,
			);
			buildRules = (
			);
			dependencies = (
				60C7828E1AAF736C00ACD5B4 /* PBXTargetDependency */,
			);
			name = TouchTrackerTests;
			productName = TouchTrackerTests;
			productReference = 60C7828C1AAF736C00ACD5B4 /* TouchTrackerTests.xctest */;
			productType = "com.apple.product-type.bundle.unit-test";
		};
/* End PBXNativeTarget section */

/* Begin PBXProject section */
		60C782711AAF736C00ACD5B4 /* Project object */ = {
			isa = PBXProject;
			attributes = {
				LastUpgradeCheck = 0610;
				ORGANIZATIONNAME = "Matias Seijas";
				TargetAttributes = {
					60C782781AAF736C00ACD5B4 = {
						CreatedOnToolsVersion = 6.1.1;
					};
					60C7828B1AAF736C00ACD5B4 = {
						CreatedOnToolsVersion = 6.1.1;
						TestTargetID = 60C782781AAF736C00ACD5B4;
					};
				};
			};
			buildConfigurationList = 60C782741AAF736C00ACD5B4 /* Build configuration list for PBXProject "TouchTracker" */;
			compatibilityVersion = "Xcode 3.2";
			developmentRegion = English;
			hasScannedForEncodings = 0;
			knownRegions = (
				en,
				Base,
			);
			mainGroup = 60C782701AAF736C00ACD5B4;
			productRefGroup = 60C7827A1AAF736C00ACD5B4 /* Products */;
			projectDirPath = "";
			projectRoot = "";
			targets = (
				60C782781AAF736C00ACD5B4 /* TouchTracker */,
				60C7828B1AAF736C00ACD5B4 /* TouchTrackerTests */,
			);
		};
/* End PBXProject section */

/* Begin PBXResourcesBuildPhase section */
		60C782771AAF736C00ACD5B4 /* Resources */ = {
			isa = PBXResourcesBuildPhase;
			buildActionMask = 2147483647;
			files = (
				60C782871AAF736C00ACD5B4 /* LaunchScreen.xib in Resources */,
				60C782841AAF736C00ACD5B4 /* Images.xcassets in Resources */,
			);
			runOnlyForDeploymentPostprocessing = 0;
		};
		60C7828A1AAF736C00ACD5B4 /* Resources */ = {
			isa = PBXResourcesBuildPhase;
			buildActionMask = 2147483647;
			files = (
			);
			runOnlyForDeploymentPostprocessing = 0;
		};
/* End PBXResourcesBuildPhase section */

/* Begin PBXSourcesBuildPhase section */
		60C782751AAF736C00ACD5B4 /* Sources */ = {
			isa = PBXSourcesBuildPhase;
			buildActionMask = 2147483647;
			files = (
				60C782821AAF736C00ACD5B4 /* AppDelegate.m in Sources */,
				60C782AD1AAF75FE00ACD5B4 /* BNRDrawViewController.m in Sources */,
				60C782A11AAF73AC00ACD5B4 /* BNRLine.m in Sources */,
				60C7827F1AAF736C00ACD5B4 /* main.m in Sources */,
				60C782A41AAF755B00ACD5B4 /* BNRDrawView.m in Sources */,
			);
			runOnlyForDeploymentPostprocessing = 0;
		};
		60C782881AAF736C00ACD5B4 /* Sources */ = {
			isa = PBXSourcesBuildPhase;
			buildActionMask = 2147483647;
			files = (
				60C782931AAF736C00ACD5B4 /* TouchTrackerTests.m in Sources */,
			);
			runOnlyForDeploymentPostprocessing = 0;
		};
/* End PBXSourcesBuildPhase section */

/* Begin PBXTargetDependency section */
		60C7828E1AAF736C00ACD5B4 /* PBXTargetDependency */ = {
			isa = PBXTargetDependency;
			target = 60C782781AAF736C00ACD5B4 /* TouchTracker */;
			targetProxy = 60C7828D1AAF736C00ACD5B4 /* PBXContainerItemProxy */;
		};
/* End PBXTargetDependency section */

/* Begin PBXVariantGroup section */
		60C782851AAF736C00ACD5B4 /* LaunchScreen.xib */ = {
			isa = PBXVariantGroup;
			children = (
				60C782861AAF736C00ACD5B4 /* Base */,
			);
			name = LaunchScreen.xib;
			sourceTree = "<group>";
		};
/* End PBXVariantGroup section */

/* Begin XCBuildConfiguration section */
		60C782941AAF736C00ACD5B4 /* Debug */ = {
			isa = XCBuildConfiguration;
			buildSettings = {
				ALWAYS_SEARCH_USER_PATHS = NO;
				CLANG_CXX_LANGUAGE_STANDARD = "gnu++0x";
				CLANG_CXX_LIBRARY = "libc++";
				CLANG_ENABLE_MODULES = YES;
				CLANG_ENABLE_OBJC_ARC = YES;
				CLANG_STATIC_ANALYZER_MODE_ON_ANALYZE_ACTION = deep;
				CLANG_WARN_BOOL_CONVERSION = YES;
				CLANG_WARN_CONSTANT_CONVERSION = YES;
				CLANG_WARN_DIRECT_OBJC_ISA_USAGE = YES_ERROR;
				CLANG_WARN_EMPTY_BODY = YES;
				CLANG_WARN_ENUM_CONVERSION = YES;
				CLANG_WARN_INT_CONVERSION = YES;
				CLANG_WARN_OBJC_ROOT_CLASS = YES_ERROR;
				CLANG_WARN_UNREACHABLE_CODE = YES;
				CLANG_WARN__DUPLICATE_METHOD_MATCH = YES;
				"CODE_SIGN_IDENTITY[sdk=iphoneos*]" = "iPhone Developer";
				COPY_PHASE_STRIP = NO;
				ENABLE_STRICT_OBJC_MSGSEND = YES;
				GCC_C_LANGUAGE_STANDARD = gnu99;
				GCC_DYNAMIC_NO_PIC = NO;
				GCC_OPTIMIZATION_LEVEL = 0;
				GCC_PREPROCESSOR_DEFINITIONS = (
					"DEBUG=1",
					"$(inherited)",
					VIEW_DEBUG,
				);
				GCC_SYMBOLS_PRIVATE_EXTERN = NO;
				GCC_WARN_64_TO_32_BIT_CONVERSION = YES;
				GCC_WARN_ABOUT_RETURN_TYPE = YES_ERROR;
				GCC_WARN_UNDECLARED_SELECTOR = YES;
				GCC_WARN_UNINITIALIZED_AUTOS = YES_AGGRESSIVE;
				GCC_WARN_UNUSED_FUNCTION = YES;
				GCC_WARN_UNUSED_VARIABLE = YES;
				IPHONEOS_DEPLOYMENT_TARGET = 8.1;
				MTL_ENABLE_DEBUG_INFO = YES;
				ONLY_ACTIVE_ARCH = YES;
				RUN_CLANG_STATIC_ANALYZER = NO;
				SDKROOT = iphoneos;
			};
			name = Debug;
		};
		60C782951AAF736C00ACD5B4 /* Release */ = {
			isa = XCBuildConfiguration;
			buildSettings = {
				ALWAYS_SEARCH_USER_PATHS = NO;
				CLANG_CXX_LANGUAGE_STANDARD = "gnu++0x";
				CLANG_CXX_LIBRARY = "libc++";
				CLANG_ENABLE_MODULES = YES;
				CLANG_ENABLE_OBJC_ARC = YES;
				CLANG_STATIC_ANALYZER_MODE_ON_ANALYZE_ACTION = deep;
				CLANG_WARN_BOOL_CONVERSION = YES;
				CLANG_WARN_CONSTANT_CONVERSION = YES;
				CLANG_WARN_DIRECT_OBJC_ISA_USAGE = YES_ERROR;
				CLANG_WARN_EMPTY_BODY = YES;
				CLANG_WARN_ENUM_CONVERSION = YES;
				CLANG_WARN_INT_CONVERSION = YES;
				CLANG_WARN_OBJC_ROOT_CLASS = YES_ERROR;
				CLANG_WARN_UNREACHABLE_CODE = YES;
				CLANG_WARN__DUPLICATE_METHOD_MATCH = YES;
				"CODE_SIGN_IDENTITY[sdk=iphoneos*]" = "iPhone Developer";
				COPY_PHASE_STRIP = YES;
				ENABLE_NS_ASSERTIONS = NO;
				ENABLE_STRICT_OBJC_MSGSEND = YES;
				GCC_C_LANGUAGE_STANDARD = gnu99;
				GCC_WARN_64_TO_32_BIT_CONVERSION = YES;
				GCC_WARN_ABOUT_RETURN_TYPE = YES_ERROR;
				GCC_WARN_UNDECLARED_SELECTOR = YES;
				GCC_WARN_UNINITIALIZED_AUTOS = YES_AGGRESSIVE;
				GCC_WARN_UNUSED_FUNCTION = YES;
				GCC_WARN_UNUSED_VARIABLE = YES;
				IPHONEOS_DEPLOYMENT_TARGET = 8.1;
				MTL_ENABLE_DEBUG_INFO = NO;
				RUN_CLANG_STATIC_ANALYZER = NO;
				SDKROOT = iphoneos;
				VALIDATE_PRODUCT = YES;
			};
			name = Release;
		};
		60C782971AAF736C00ACD5B4 /* Debug */ = {
			isa = XCBuildConfiguration;
			buildSettings = {
				ASSETCATALOG_COMPILER_APPICON_NAME = AppIcon;
				INFOPLIST_FILE = TouchTracker/Info.plist;
				LD_RUNPATH_SEARCH_PATHS = "$(inherited) @executable_path/Frameworks";
				PRODUCT_NAME = "$(TARGET_NAME)";
			};
			name = Debug;
		};
		60C782981AAF736C00ACD5B4 /* Release */ = {
			isa = XCBuildConfiguration;
			buildSettings = {
				ASSETCATALOG_COMPILER_APPICON_NAME = AppIcon;
				INFOPLIST_FILE = TouchTracker/Info.plist;
				LD_RUNPATH_SEARCH_PATHS = "$(inherited) @executable_path/Frameworks";
				PRODUCT_NAME = "$(TARGET_NAME)";
			};
			name = Release;
		};
		60C7829A1AAF736C00ACD5B4 /* Debug */ = {
			isa = XCBuildConfiguration;
			buildSettings = {
				BUNDLE_LOADER = "$(TEST_HOST)";
				FRAMEWORK_SEARCH_PATHS = (
					"$(SDKROOT)/Developer/Library/Frameworks",
					"$(inherited)",
				);
				GCC_PREPROCESSOR_DEFINITIONS = (
					"DEBUG=1",
					"$(inherited)",
				);
				INFOPLIST_FILE = TouchTrackerTests/Info.plist;
				LD_RUNPATH_SEARCH_PATHS = "$(inherited) @executable_path/Frameworks @loader_path/Frameworks";
				PRODUCT_NAME = "$(TARGET_NAME)";
				TEST_HOST = "$(BUILT_PRODUCTS_DIR)/TouchTracker.app/TouchTracker";
			};
			name = Debug;
		};
		60C7829B1AAF736C00ACD5B4 /* Release */ = {
			isa = XCBuildConfiguration;
			buildSettings = {
				BUNDLE_LOADER = "$(TEST_HOST)";
				FRAMEWORK_SEARCH_PATHS = (
					"$(SDKROOT)/Developer/Library/Frameworks",
					"$(inherited)",
				);
				INFOPLIST_FILE = TouchTrackerTests/Info.plist;
				LD_RUNPATH_SEARCH_PATHS = "$(inherited) @executable_path/Frameworks @loader_path/Frameworks";
				PRODUCT_NAME = "$(TARGET_NAME)";
				TEST_HOST = "$(BUILT_PRODUCTS_DIR)/TouchTracker.app/TouchTracker";
			};
			name = Release;
		};
/* End XCBuildConfiguration section */

/* Begin XCConfigurationList section */
		60C782741AAF736C00ACD5B4 /* Build configuration list for PBXProject "TouchTracker" */ = {
			isa = XCConfigurationList;
			buildConfigurations = (
				60C782941AAF736C00ACD5B4 /* Debug */,
				60C782951AAF736C00ACD5B4 /* Release */,
			);
			defaultConfigurationIsVisible = 0;
			defaultConfigurationName = Release;
		};
		60C782961AAF736C00ACD5B4 /* Build configuration list for PBXNativeTarget "TouchTracker" */ = {
			isa = XCConfigurationList;
			buildConfigurations = (
				60C782971AAF736C00ACD5B4 /* Debug */,
				60C782981AAF736C00ACD5B4 /* Release */,
			);
			defaultConfigurationIsVisible = 0;
			defaultConfigurationName = Release;
		};
		60C782991AAF736C00ACD5B4 /* Build configuration list for PBXNativeTarget "TouchTrackerTests" */ = {
			isa = XCConfigurationList;
			buildConfigurations = (
				60C7829A1AAF736C00ACD5B4 /* Debug */,
				60C7829B1AAF736C00ACD5B4 /* Release */,
			);
			defaultConfigurationIsVisible = 0;
			defaultConfigurationName = Release;
		};
/* End XCConfigurationList section */
	};
	rootObject = 60C782711AAF736C00ACD5B4 /* Project object */;
}
